
Microsoft Visual Studio Solution File, Format Version 12.00
# Visual Studio Version 17
VisualStudioVersion = 17.10.35004.147
MinimumVisualStudioVersion = 10.0.40219.1
Project("{FAE04EC0-301F-11D3-BF4B-00C04F79EFBC}") = "Lambda", "Lambda\Lambda.csproj", "{09604382-DD1C-476C-A05F-7F84ACF581B6}"
EndProject
Global
	GlobalSection(SolutionConfigurationPlatforms) = preSolution
		Debug|Any CPU = Debug|Any CPU
		Release|Any CPU = Release|Any CPU
	EndGlobalSection
	GlobalSection(ProjectConfigurationPlatforms) = postSolution
		{09604382-DD1C-476C-A05F-7F84ACF581B6}.Debug|Any CPU.ActiveCfg = Debug|Any CPU
		{09604382-DD1C-476C-A05F-7F84ACF581B6}.Debug|Any CPU.Build.0 = Debug|Any CPU
		{09604382-DD1C-476C-A05F-7F84ACF581B6}.Release|Any CPU.ActiveCfg = Release|Any CPU
		{09604382-DD1C-476C-A05F-7F84ACF581B6}.Release|Any CPU.Build.0 = Release|Any CPU
	EndGlobalSection
	GlobalSection(SolutionProperties) = preSolution
		HideSolutionNode = FALSE
	EndGlobalSection
	GlobalSection(ExtensibilityGlobals) = postSolution
		SolutionGuid = {9563341C-5B95-42B3-B2C5-8BC8B9135C03}
	EndGlobalSection
EndGlobal
